// !$*UTF8*$!
{
	archiveVersion = 1;
	classes = {
	};
	objectVersion = 46;
	objects = {

/* Begin PBXBuildFile section */
		A50745841A954F9400B83B60 /* beep.mp3 in Resources */ = {isa = PBXBuildFile; fileRef = A50745831A954F9400B83B60 /* beep.mp3 */; };
		A56B5FB81A92893E0062608C /* AppDelegate.swift in Sources */ = {isa = PBXBuildFile; fileRef = A56B5FB71A92893E0062608C /* AppDelegate.swift */; };
		A56B5FBB1A92893E0062608C /* CloudInventory.xcdatamodeld in Sources */ = {isa = PBXBuildFile; fileRef = A56B5FB91A92893E0062608C /* CloudInventory.xcdatamodeld */; };
		A56B5FBD1A92893E0062608C /* ItemPageViewController.swift in Sources */ = {isa = PBXBuildFile; fileRef = A56B5FBC1A92893E0062608C /* ItemPageViewController.swift */; };
		A56B5FC01A92893E0062608C /* Main.storyboard in Resources */ = {isa = PBXBuildFile; fileRef = A56B5FBE1A92893E0062608C /* Main.storyboard */; };
		A56B5FC21A92893E0062608C /* Images.xcassets in Resources */ = {isa = PBXBuildFile; fileRef = A56B5FC11A92893E0062608C /* Images.xcassets */; };
		A56B5FC51A92893E0062608C /* LaunchScreen.xib in Resources */ = {isa = PBXBuildFile; fileRef = A56B5FC31A92893E0062608C /* LaunchScreen.xib */; };
		A56B5FD11A92893E0062608C /* CloudInventoryTests.swift in Sources */ = {isa = PBXBuildFile; fileRef = A56B5FD01A92893E0062608C /* CloudInventoryTests.swift */; };
		A56B5FDB1A928B670062608C /* AllItemsTableViewController.swift in Sources */ = {isa = PBXBuildFile; fileRef = A56B5FDA1A928B670062608C /* AllItemsTableViewController.swift */; };
		A56B5FDD1A928BBC0062608C /* ScannerViewController.swift in Sources */ = {isa = PBXBuildFile; fileRef = A56B5FDC1A928BBC0062608C /* ScannerViewController.swift */; };
		A56B5FE11A9294210062608C /* CoreDataModel.swift in Sources */ = {isa = PBXBuildFile; fileRef = A56B5FE01A9294210062608C /* CoreDataModel.swift */; };
		A5EE67BA1A93E61A002A5A9B /* Helper.swift in Sources */ = {isa = PBXBuildFile; fileRef = A5EE67B91A93E61A002A5A9B /* Helper.swift */; };
/* End PBXBuildFile section */

/* Begin PBXContainerItemProxy section */
		A56B5FCB1A92893E0062608C /* PBXContainerItemProxy */ = {
			isa = PBXContainerItemProxy;
			containerPortal = A56B5FAA1A92893E0062608C /* Project object */;
			proxyType = 1;
			remoteGlobalIDString = A56B5FB11A92893E0062608C;
			remoteInfo = CloudInventory;
		};
/* End PBXContainerItemProxy section */

/* Begin PBXFileReference section */
		A50745831A954F9400B83B60 /* beep.mp3 */ = {isa = PBXFileReference; lastKnownFileType = audio.mp3; path = beep.mp3; sourceTree = "<group>"; };
		A56B5FB21A92893E0062608C /* CloudInventory.app */ = {isa = PBXFileReference; explicitFileType = wrapper.application; includeInIndex = 0; path = CloudInventory.app; sourceTree = BUILT_PRODUCTS_DIR; };
		A56B5FB61A92893E0062608C /* Info.plist */ = {isa = PBXFileReference; lastKnownFileType = text.plist.xml; path = Info.plist; sourceTree = "<group>"; };
		A56B5FB71A92893E0062608C /* AppDelegate.swift */ = {isa = PBXFileReference; lastKnownFileType = sourcecode.swift; path = AppDelegate.swift; sourceTree = "<group>"; };
		A56B5FBA1A92893E0062608C /* CloudInventory.xcdatamodel */ = {isa = PBXFileReference; lastKnownFileType = wrapper.xcdatamodel; path = CloudInventory.xcdatamodel; sourceTree = "<group>"; };
		A56B5FBC1A92893E0062608C /* ItemPageViewController.swift */ = {isa = PBXFileReference; lastKnownFileType = sourcecode.swift; path = ItemPageViewController.swift; sourceTree = "<group>"; };
		A56B5FBF1A92893E0062608C /* Base */ = {isa = PBXFileReference; lastKnownFileType = file.storyboard; name = Base; path = Base.lproj/Main.storyboard; sourceTree = "<group>"; };
		A56B5FC11A92893E0062608C /* Images.xcassets */ = {isa = PBXFileReference; lastKnownFileType = folder.assetcatalog; path = Images.xcassets; sourceTree = "<group>"; };
		A56B5FC41A92893E0062608C /* Base */ = {isa = PBXFileReference; lastKnownFileType = file.xib; name = Base; path = Base.lproj/LaunchScreen.xib; sourceTree = "<group>"; };
		A56B5FCA1A92893E0062608C /* CloudInventoryTests.xctest */ = {isa = PBXFileReference; explicitFileType = wrapper.cfbundle; includeInIndex = 0; path = CloudInventoryTests.xctest; sourceTree = BUILT_PRODUCTS_DIR; };
		A56B5FCF1A92893E0062608C /* Info.plist */ = {isa = PBXFileReference; lastKnownFileType = text.plist.xml; path = Info.plist; sourceTree = "<group>"; };
		A56B5FD01A92893E0062608C /* CloudInventoryTests.swift */ = {isa = PBXFileReference; lastKnownFileType = sourcecode.swift; path = CloudInventoryTests.swift; sourceTree = "<group>"; };
		A56B5FDA1A928B670062608C /* AllItemsTableViewController.swift */ = {isa = PBXFileReference; fileEncoding = 4; lastKnownFileType = sourcecode.swift; path = AllItemsTableViewController.swift; sourceTree = "<group>"; };
		A56B5FDC1A928BBC0062608C /* ScannerViewController.swift */ = {isa = PBXFileReference; fileEncoding = 4; lastKnownFileType = sourcecode.swift; path = ScannerViewController.swift; sourceTree = "<group>"; };
		A56B5FE01A9294210062608C /* CoreDataModel.swift */ = {isa = PBXFileReference; fileEncoding = 4; lastKnownFileType = sourcecode.swift; path = CoreDataModel.swift; sourceTree = "<group>"; };
		A5EE67B91A93E61A002A5A9B /* Helper.swift */ = {isa = PBXFileReference; fileEncoding = 4; lastKnownFileType = sourcecode.swift; path = Helper.swift; sourceTree = "<group>"; };
/* End PBXFileReference section */

/* Begin PBXFrameworksBuildPhase section */
		A56B5FAF1A92893E0062608C /* Frameworks */ = {
			isa = PBXFrameworksBuildPhase;
			buildActionMask = 2147483647;
			files = (
			);
			runOnlyForDeploymentPostprocessing = 0;
		};
		A56B5FC71A92893E0062608C /* Frameworks */ = {
			isa = PBXFrameworksBuildPhase;
			buildActionMask = 2147483647;
			files = (
			);
			runOnlyForDeploymentPostprocessing = 0;
		};
/* End PBXFrameworksBuildPhase section */

/* Begin PBXGroup section */
		A56B5FA91A92893E0062608C = {
			isa = PBXGroup;
			children = (
				A56B5FB41A92893E0062608C /* CloudInventory */,
				A56B5FCD1A92893E0062608C /* CloudInventoryTests */,
				A56B5FB31A92893E0062608C /* Products */,
			);
			sourceTree = "<group>";
		};
		A56B5FB31A92893E0062608C /* Products */ = {
			isa = PBXGroup;
			children = (
				A56B5FB21A92893E0062608C /* CloudInventory.app */,
				A56B5FCA1A92893E0062608C /* CloudInventoryTests.xctest */,
			);
			name = Products;
			sourceTree = "<group>";
		};
		A56B5FB41A92893E0062608C /* CloudInventory */ = {
			isa = PBXGroup;
			children = (
				A56B5FB71A92893E0062608C /* AppDelegate.swift */,
				A56B5FBE1A92893E0062608C /* Main.storyboard */,
				A56B5FDA1A928B670062608C /* AllItemsTableViewController.swift */,
				A56B5FBC1A92893E0062608C /* ItemPageViewController.swift */,
				A56B5FE01A9294210062608C /* CoreDataModel.swift */,
				A56B5FDC1A928BBC0062608C /* ScannerViewController.swift */,
				A56B5FC11A92893E0062608C /* Images.xcassets */,
				A56B5FC31A92893E0062608C /* LaunchScreen.xib */,
				A56B5FB91A92893E0062608C /* CloudInventory.xcdatamodeld */,
				A56B5FB51A92893E0062608C /* Supporting Files */,
			);
			path = CloudInventory;
			sourceTree = "<group>";
		};
		A56B5FB51A92893E0062608C /* Supporting Files */ = {
			isa = PBXGroup;
			children = (
				A5EE67B91A93E61A002A5A9B /* Helper.swift */,
				A50745831A954F9400B83B60 /* beep.mp3 */,
				A56B5FB61A92893E0062608C /* Info.plist */,
			);
			name = "Supporting Files";
			sourceTree = "<group>";
		};
		A56B5FCD1A92893E0062608C /* CloudInventoryTests */ = {
			isa = PBXGroup;
			children = (
				A56B5FD01A92893E0062608C /* CloudInventoryTests.swift */,
				A56B5FCE1A92893E0062608C /* Supporting Files */,
			);
			path = CloudInventoryTests;
			sourceTree = "<group>";
		};
		A56B5FCE1A92893E0062608C /* Supporting Files */ = {
			isa = PBXGroup;
			children = (
				A56B5FCF1A92893E0062608C /* Info.plist */,
			);
			name = "Supporting Files";
			sourceTree = "<group>";
		};
/* End PBXGroup section */

/* Begin PBXNativeTarget section */
		A56B5FB11A92893E0062608C /* CloudInventory */ = {
			isa = PBXNativeTarget;
			buildConfigurationList = A56B5FD41A92893E0062608C /* Build configuration list for PBXNativeTarget "CloudInventory" */;
			buildPhases = (
				A56B5FAE1A92893E0062608C /* Sources */,
				A56B5FAF1A92893E0062608C /* Frameworks */,
				A56B5FB01A92893E0062608C /* Resources */,
			);
			buildRules = (
			);
			dependencies = (
			);
			name = CloudInventory;
			productName = CloudInventory;
			productReference = A56B5FB21A92893E0062608C /* CloudInventory.app */;
			productType = "com.apple.product-type.application";
		};
		A56B5FC91A92893E0062608C /* CloudInventoryTests */ = {
			isa = PBXNativeTarget;
			buildConfigurationList = A56B5FD71A92893E0062608C /* Build configuration list for PBXNativeTarget "CloudInventoryTests" */;
			buildPhases = (
				A56B5FC61A92893E0062608C /* Sources */,
				A56B5FC71A92893E0062608C /* Frameworks */,
				A56B5FC81A92893E0062608C /* Resources */,
			);
			buildRules = (
			);
			dependencies = (
				A56B5FCC1A92893E0062608C /* PBXTargetDependency */,
			);
			name = CloudInventoryTests;
			productName = CloudInventoryTests;
			productReference = A56B5FCA1A92893E0062608C /* CloudInventoryTests.xctest */;
			productType = "com.apple.product-type.bundle.unit-test";
		};
/* End PBXNativeTarget section */

/* Begin PBXProject section */
		A56B5FAA1A92893E0062608C /* Project object */ = {
			isa = PBXProject;
			attributes = {
				LastUpgradeCheck = 0610;
				ORGANIZATIONNAME = "Bliss Chapman";
				TargetAttributes = {
					A56B5FB11A92893E0062608C = {
						CreatedOnToolsVersion = 6.1.1;
					};
					A56B5FC91A92893E0062608C = {
						CreatedOnToolsVersion = 6.1.1;
						TestTargetID = A56B5FB11A92893E0062608C;
					};
				};
			};
			buildConfigurationList = A56B5FAD1A92893E0062608C /* Build configuration list for PBXProject "CloudInventory" */;
			compatibilityVersion = "Xcode 3.2";
			developmentRegion = English;
			hasScannedForEncodings = 0;
			knownRegions = (
				en,
				Base,
			);
			mainGroup = A56B5FA91A92893E0062608C;
			productRefGroup = A56B5FB31A92893E0062608C /* Products */;
			projectDirPath = "";
			projectRoot = "";
			targets = (
				A56B5FB11A92893E0062608C /* CloudInventory */,
				A56B5FC91A92893E0062608C /* CloudInventoryTests */,
			);
		};
/* End PBXProject section */

/* Begin PBXResourcesBuildPhase section */
		A56B5FB01A92893E0062608C /* Resources */ = {
			isa = PBXResourcesBuildPhase;
			buildActionMask = 2147483647;
			files = (
				A56B5FC01A92893E0062608C /* Main.storyboard in Resources */,
				A56B5FC51A92893E0062608C /* LaunchScreen.xib in Resources */,
				A50745841A954F9400B83B60 /* beep.mp3 in Resources */,
				A56B5FC21A92893E0062608C /* Images.xcassets in Resources */,
			);
			runOnlyForDeploymentPostprocessing = 0;
		};
		A56B5FC81A92893E0062608C /* Resources */ = {
			isa = PBXResourcesBuildPhase;
			buildActionMask = 2147483647;
			files = (
			);
			runOnlyForDeploymentPostprocessing = 0;
		};
/* End PBXResourcesBuildPhase section */

/* Begin PBXSourcesBuildPhase section */
		A56B5FAE1A92893E0062608C /* Sources */ = {
			isa = PBXSourcesBuildPhase;
			buildActionMask = 2147483647;
			files = (
				A56B5FE11A9294210062608C /* CoreDataModel.swift in Sources */,
				A56B5FBD1A92893E0062608C /* ItemPageViewController.swift in Sources */,
				A5EE67BA1A93E61A002A5A9B /* Helper.swift in Sources */,
				A56B5FBB1A92893E0062608C /* CloudInventory.xcdatamodeld in Sources */,
				A56B5FDB1A928B670062608C /* AllItemsTableViewController.swift in Sources */,
				A56B5FDD1A928BBC0062608C /* ScannerViewController.swift in Sources */,
				A56B5FB81A92893E0062608C /* AppDelegate.swift in Sources */,
			);
			runOnlyForDeploymentPostprocessing = 0;
		};
		A56B5FC61A92893E0062608C /* Sources */ = {
			isa = PBXSourcesBuildPhase;
			buildActionMask = 2147483647;
			files = (
				A56B5FD11A92893E0062608C /* CloudInventoryTests.swift in Sources */,
			);
			runOnlyForDeploymentPostprocessing = 0;
		};
/* End PBXSourcesBuildPhase section */

/* Begin PBXTargetDependency section */
		A56B5FCC1A92893E0062608C /* PBXTargetDependency */ = {
			isa = PBXTargetDependency;
			target = A56B5FB11A92893E0062608C /* CloudInventory */;
			targetProxy = A56B5FCB1A92893E0062608C /* PBXContainerItemProxy */;
		};
/* End PBXTargetDependency section */

/* Begin PBXVariantGroup section */
		A56B5FBE1A92893E0062608C /* Main.storyboard */ = {
			isa = PBXVariantGroup;
			children = (
				A56B5FBF1A92893E0062608C /* Base */,
			);
			name = Main.storyboard;
			sourceTree = "<group>";
		};
		A56B5FC31A92893E0062608C /* LaunchScreen.xib */ = {
			isa = PBXVariantGroup;
			children = (
				A56B5FC41A92893E0062608C /* Base */,
			);
			name = LaunchScreen.xib;
			sourceTree = "<group>";
		};
/* End PBXVariantGroup section */

/* Begin XCBuildConfiguration section */
		A56B5FD21A92893E0062608C /* Debug */ = {
			isa = XCBuildConfiguration;
			buildSettings = {
				ALWAYS_SEARCH_USER_PATHS = NO;
				CLANG_CXX_LANGUAGE_STANDARD = "gnu++0x";
				CLANG_CXX_LIBRARY = "libc++";
				CLANG_ENABLE_MODULES = YES;
				CLANG_ENABLE_OBJC_ARC = YES;
				CLANG_WARN_BOOL_CONVERSION = YES;
				CLANG_WARN_CONSTANT_CONVERSION = YES;
				CLANG_WARN_DIRECT_OBJC_ISA_USAGE = YES_ERROR;
				CLANG_WARN_EMPTY_BODY = YES;
				CLANG_WARN_ENUM_CONVERSION = YES;
				CLANG_WARN_INT_CONVERSION = YES;
				CLANG_WARN_OBJC_ROOT_CLASS = YES_ERROR;
				CLANG_WARN_UNREACHABLE_CODE = YES;
				CLANG_WARN__DUPLICATE_METHOD_MATCH = YES;
				"CODE_SIGN_IDENTITY[sdk=iphoneos*]" = "iPhone Developer";
				COPY_PHASE_STRIP = NO;
				ENABLE_STRICT_OBJC_MSGSEND = YES;
				GCC_C_LANGUAGE_STANDARD = gnu99;
				GCC_DYNAMIC_NO_PIC = NO;
				GCC_OPTIMIZATION_LEVEL = 0;
				GCC_PREPROCESSOR_DEFINITIONS = (
					"DEBUG=1",
					"$(inherited)",
				);
				GCC_SYMBOLS_PRIVATE_EXTERN = NO;
				GCC_WARN_64_TO_32_BIT_CONVERSION = YES;
				GCC_WARN_ABOUT_RETURN_TYPE = YES_ERROR;
				GCC_WARN_UNDECLARED_SELECTOR = YES;
				GCC_WARN_UNINITIALIZED_AUTOS = YES_AGGRESSIVE;
				GCC_WARN_UNUSED_FUNCTION = YES;
				GCC_WARN_UNUSED_VARIABLE = YES;
				IPHONEOS_DEPLOYMENT_TARGET = 8.1;
				MTL_ENABLE_DEBUG_INFO = YES;
				ONLY_ACTIVE_ARCH = YES;
				SDKROOT = iphoneos;
				SWIFT_OPTIMIZATION_LEVEL = "-Onone";
			};
			name = Debug;
		};
		A56B5FD31A92893E0062608C /* Release */ = {
			isa = XCBuildConfiguration;
			buildSettings = {
				ALWAYS_SEARCH_USER_PATHS = NO;
				CLANG_CXX_LANGUAGE_STANDARD = "gnu++0x";
				CLANG_CXX_LIBRARY = "libc++";
				CLANG_ENABLE_MODULES = YES;
				CLANG_ENABLE_OBJC_ARC = YES;
				CLANG_WARN_BOOL_CONVERSION = YES;
				CLANG_WARN_CONSTANT_CONVERSION = YES;
				CLANG_WARN_DIRECT_OBJC_ISA_USAGE = YES_ERROR;
				CLANG_WARN_EMPTY_BODY = YES;
				CLANG_WARN_ENUM_CONVERSION = YES;
				CLANG_WARN_INT_CONVERSION = YES;
				CLANG_WARN_OBJC_ROOT_CLASS = YES_ERROR;
				CLANG_WARN_UNREACHABLE_CODE = YES;
				CLANG_WARN__DUPLICATE_METHOD_MATCH = YES;
				"CODE_SIGN_IDENTITY[sdk=iphoneos*]" = "iPhone Developer";
				COPY_PHASE_STRIP = YES;
				ENABLE_NS_ASSERTIONS = NO;
				ENABLE_STRICT_OBJC_MSGSEND = YES;
				GCC_C_LANGUAGE_STANDARD = gnu99;
				GCC_WARN_64_TO_32_BIT_CONVERSION = YES;
				GCC_WARN_ABOUT_RETURN_TYPE = YES_ERROR;
				GCC_WARN_UNDECLARED_SELECTOR = YES;
				GCC_WARN_UNINITIALIZED_AUTOS = YES_AGGRESSIVE;
				GCC_WARN_UNUSED_FUNCTION = YES;
				GCC_WARN_UNUSED_VARIABLE = YES;
				IPHONEOS_DEPLOYMENT_TARGET = 8.1;
				MTL_ENABLE_DEBUG_INFO = NO;
				SDKROOT = iphoneos;
				VALIDATE_PRODUCT = YES;
			};
			name = Release;
		};
		A56B5FD51A92893E0062608C /* Debug */ = {
			isa = XCBuildConfiguration;
			buildSettings = {
				ASSETCATALOG_COMPILER_APPICON_NAME = AppIcon;
				INFOPLIST_FILE = CloudInventory/Info.plist;
				LD_RUNPATH_SEARCH_PATHS = "$(inherited) @executable_path/Frameworks";
				PRODUCT_NAME = "$(TARGET_NAME)";
			};
			name = Debug;
		};
		A56B5FD61A92893E0062608C /* Release */ = {
			isa = XCBuildConfiguration;
			buildSettings = {
				ASSETCATALOG_COMPILER_APPICON_NAME = AppIcon;
				INFOPLIST_FILE = CloudInventory/Info.plist;
				LD_RUNPATH_SEARCH_PATHS = "$(inherited) @executable_path/Frameworks";
				PRODUCT_NAME = "$(TARGET_NAME)";
			};
			name = Release;
		};
		A56B5FD81A92893E0062608C /* Debug */ = {
			isa = XCBuildConfiguration;
			buildSettings = {
				BUNDLE_LOADER = "$(TEST_HOST)";
				FRAMEWORK_SEARCH_PATHS = (
					"$(SDKROOT)/Developer/Library/Frameworks",
					"$(inherited)",
				);
				GCC_PREPROCESSOR_DEFINITIONS = (
					"DEBUG=1",
					"$(inherited)",
				);
				INFOPLIST_FILE = CloudInventoryTests/Info.plist;
				LD_RUNPATH_SEARCH_PATHS = "$(inherited) @executable_path/Frameworks @loader_path/Frameworks";
				PRODUCT_NAME = "$(TARGET_NAME)";
				TEST_HOST = "$(BUILT_PRODUCTS_DIR)/CloudInventory.app/CloudInventory";
			};
			name = Debug;
		};
		A56B5FD91A92893E0062608C /* Release */ = {
			isa = XCBuildConfiguration;
			buildSettings = {
				BUNDLE_LOADER = "$(TEST_HOST)";
				FRAMEWORK_SEARCH_PATHS = (
					"$(SDKROOT)/Developer/Library/Frameworks",
					"$(inherited)",
				);
				INFOPLIST_FILE = CloudInventoryTests/Info.plist;
				LD_RUNPATH_SEARCH_PATHS = "$(inherited) @executable_path/Frameworks @loader_path/Frameworks";
				PRODUCT_NAME = "$(TARGET_NAME)";
				TEST_HOST = "$(BUILT_PRODUCTS_DIR)/CloudInventory.app/CloudInventory";
			};
			name = Release;
		};
/* End XCBuildConfiguration section */

/* Begin XCConfigurationList section */
		A56B5FAD1A92893E0062608C /* Build configuration list for PBXProject "CloudInventory" */ = {
			isa = XCConfigurationList;
			buildConfigurations = (
				A56B5FD21A92893E0062608C /* Debug */,
				A56B5FD31A92893E0062608C /* Release */,
			);
			defaultConfigurationIsVisible = 0;
			defaultConfigurationName = Release;
		};
		A56B5FD41A92893E0062608C /* Build configuration list for PBXNativeTarget "CloudInventory" */ = {
			isa = XCConfigurationList;
			buildConfigurations = (
				A56B5FD51A92893E0062608C /* Debug */,
				A56B5FD61A92893E0062608C /* Release */,
			);
			defaultConfigurationIsVisible = 0;
			defaultConfigurationName = Release;
		};
		A56B5FD71A92893E0062608C /* Build configuration list for PBXNativeTarget "CloudInventoryTests" */ = {
			isa = XCConfigurationList;
			buildConfigurations = (
				A56B5FD81A92893E0062608C /* Debug */,
				A56B5FD91A92893E0062608C /* Release */,
			);
			defaultConfigurationIsVisible = 0;
			defaultConfigurationName = Release;
		};
/* End XCConfigurationList section */

/* Begin XCVersionGroup section */
		A56B5FB91A92893E0062608C /* CloudInventory.xcdatamodeld */ = {
			isa = XCVersionGroup;
			children = (
				A56B5FBA1A92893E0062608C /* CloudInventory.xcdatamodel */,
			);
			currentVersion = A56B5FBA1A92893E0062608C /* CloudInventory.xcdatamodel */;
			path = CloudInventory.xcdatamodeld;
			sourceTree = "<group>";
			versionGroupType = wrapper.xcdatamodel;
		};
/* End XCVersionGroup section */
	};
	rootObject = A56B5FAA1A92893E0062608C /* Project object */;
}
