// !$*UTF8*$!
{
	archiveVersion = 1;
	classes = {
	};
	objectVersion = 46;
	objects = {

/* Begin PBXBuildFile section */
		A519AAD91AC0839400D45EF2 /* FilteredTaggedItemsTableViewController.swift in Sources */ = {isa = PBXBuildFile; fileRef = A519AAD81AC0839400D45EF2 /* FilteredTaggedItemsTableViewController.swift */; };
		A51C45191ABD1E230020F0A8 /* CustomItemTableViewCell.swift in Sources */ = {isa = PBXBuildFile; fileRef = A51C45181ABD1E230020F0A8 /* CustomItemTableViewCell.swift */; };
		A52DBE8F1AAA840F007CEA3D /* Italics.png in Resources */ = {isa = PBXBuildFile; fileRef = A52DBE8E1AAA840F007CEA3D /* Italics.png */; };
		A52DBE911AAA841F007CEA3D /* Redo.png in Resources */ = {isa = PBXBuildFile; fileRef = A52DBE901AAA841F007CEA3D /* Redo.png */; };
		A52DBE931AAA8432007CEA3D /* Underline.png in Resources */ = {isa = PBXBuildFile; fileRef = A52DBE921AAA8432007CEA3D /* Underline.png */; };
		A52DBE951AAA8443007CEA3D /* FontSize.png in Resources */ = {isa = PBXBuildFile; fileRef = A52DBE941AAA8443007CEA3D /* FontSize.png */; };
		A52DBE971AAA8451007CEA3D /* Undo.png in Resources */ = {isa = PBXBuildFile; fileRef = A52DBE961AAA8451007CEA3D /* Undo.png */; };
		A52DBE991AAA846F007CEA3D /* BulletPoints.png in Resources */ = {isa = PBXBuildFile; fileRef = A52DBE981AAA846F007CEA3D /* BulletPoints.png */; };
		A52DBE9B1AAA848E007CEA3D /* NumberedPoints.png in Resources */ = {isa = PBXBuildFile; fileRef = A52DBE9A1AAA848E007CEA3D /* NumberedPoints.png */; };
		A52DBE9D1AAA84A0007CEA3D /* AlignLeft.png in Resources */ = {isa = PBXBuildFile; fileRef = A52DBE9C1AAA84A0007CEA3D /* AlignLeft.png */; };
		A52DBE9F1AAA84AE007CEA3D /* AlignCenter.png in Resources */ = {isa = PBXBuildFile; fileRef = A52DBE9E1AAA84AE007CEA3D /* AlignCenter.png */; };
		A52DBEA11AAA84BB007CEA3D /* AlignRight.png in Resources */ = {isa = PBXBuildFile; fileRef = A52DBEA01AAA84BB007CEA3D /* AlignRight.png */; };
		A52DBEA31AAA8DF6007CEA3D /* Bold.png in Resources */ = {isa = PBXBuildFile; fileRef = A52DBEA21AAA8DF6007CEA3D /* Bold.png */; };
		A547D38C1A96449A00BD7D78 /* beep-07.mp3 in Resources */ = {isa = PBXBuildFile; fileRef = A547D38B1A96449A00BD7D78 /* beep-07.mp3 */; };
		A55CDE851AAB46B200D71406 /* HideKeyboard.png in Resources */ = {isa = PBXBuildFile; fileRef = A55CDE841AAB46B200D71406 /* HideKeyboard.png */; };
		A55CDE871AAB46B800D71406 /* InsertPhoto.png in Resources */ = {isa = PBXBuildFile; fileRef = A55CDE861AAB46B800D71406 /* InsertPhoto.png */; };
		A55CDE8A1AAB498D00D71406 /* ic_format_align_center_black_48dp.png in Resources */ = {isa = PBXBuildFile; fileRef = A55CDE891AAB498D00D71406 /* ic_format_align_center_black_48dp.png */; };
		A55CDE8C1AAB499600D71406 /* ic_format_align_left_black_48dp.png in Resources */ = {isa = PBXBuildFile; fileRef = A55CDE8B1AAB499600D71406 /* ic_format_align_left_black_48dp.png */; };
		A55CDE901AAB4A0C00D71406 /* ic_format_align_right_black_48dp.png in Resources */ = {isa = PBXBuildFile; fileRef = A55CDE8F1AAB4A0C00D71406 /* ic_format_align_right_black_48dp.png */; };
		A55CDE921AAB4AAF00D71406 /* TextAlignmentViewController.swift in Sources */ = {isa = PBXBuildFile; fileRef = A55CDE911AAB4AAF00D71406 /* TextAlignmentViewController.swift */; };
		A56B5FB81A92893E0062608C /* AppDelegate.swift in Sources */ = {isa = PBXBuildFile; fileRef = A56B5FB71A92893E0062608C /* AppDelegate.swift */; };
		A56B5FBB1A92893E0062608C /* CloudInventory.xcdatamodeld in Sources */ = {isa = PBXBuildFile; fileRef = A56B5FB91A92893E0062608C /* CloudInventory.xcdatamodeld */; };
		A56B5FBD1A92893E0062608C /* ItemPageViewController.swift in Sources */ = {isa = PBXBuildFile; fileRef = A56B5FBC1A92893E0062608C /* ItemPageViewController.swift */; };
		A56B5FC01A92893E0062608C /* Main.storyboard in Resources */ = {isa = PBXBuildFile; fileRef = A56B5FBE1A92893E0062608C /* Main.storyboard */; };
		A56B5FC21A92893E0062608C /* Images.xcassets in Resources */ = {isa = PBXBuildFile; fileRef = A56B5FC11A92893E0062608C /* Images.xcassets */; };
		A56B5FC51A92893E0062608C /* LaunchScreen.xib in Resources */ = {isa = PBXBuildFile; fileRef = A56B5FC31A92893E0062608C /* LaunchScreen.xib */; };
		A56B5FD11A92893E0062608C /* CloudInventoryTests.swift in Sources */ = {isa = PBXBuildFile; fileRef = A56B5FD01A92893E0062608C /* CloudInventoryTests.swift */; };
		A56B5FDB1A928B670062608C /* AllItemsTableViewController.swift in Sources */ = {isa = PBXBuildFile; fileRef = A56B5FDA1A928B670062608C /* AllItemsTableViewController.swift */; };
		A56B5FDD1A928BBC0062608C /* ScannerViewController.swift in Sources */ = {isa = PBXBuildFile; fileRef = A56B5FDC1A928BBC0062608C /* ScannerViewController.swift */; };
		A56B5FE11A9294210062608C /* CoreDataModel.swift in Sources */ = {isa = PBXBuildFile; fileRef = A56B5FE01A9294210062608C /* CoreDataModel.swift */; };
		A5C30E9A1AB1CA5B002DD285 /* FolderSelectionTableViewController.swift in Sources */ = {isa = PBXBuildFile; fileRef = A5C30E991AB1CA5B002DD285 /* FolderSelectionTableViewController.swift */; };
		A5C30E9C1AB1D796002DD285 /* FolderCreationViewController.swift in Sources */ = {isa = PBXBuildFile; fileRef = A5C30E9B1AB1D796002DD285 /* FolderCreationViewController.swift */; };
		A5C30E9E1AB1E9C0002DD285 /* FolderImage.png in Resources */ = {isa = PBXBuildFile; fileRef = A5C30E9D1AB1E9C0002DD285 /* FolderImage.png */; };
		A5DFAAB51ABCDC040064FB6C /* TagIcon.png in Resources */ = {isa = PBXBuildFile; fileRef = A5DFAAB41ABCDC040064FB6C /* TagIcon.png */; };
		A5DFAAB71ABCEA360064FB6C /* TagsTableViewController.swift in Sources */ = {isa = PBXBuildFile; fileRef = A5DFAAB61ABCEA360064FB6C /* TagsTableViewController.swift */; };
		A5DFAAB91ABCF3180064FB6C /* itemIcon.png in Resources */ = {isa = PBXBuildFile; fileRef = A5DFAAB81ABCF3180064FB6C /* itemIcon.png */; };
		A5EE67BA1A93E61A002A5A9B /* Helper.swift in Sources */ = {isa = PBXBuildFile; fileRef = A5EE67B91A93E61A002A5A9B /* Helper.swift */; };
/* End PBXBuildFile section */

/* Begin PBXContainerItemProxy section */
		A56B5FCB1A92893E0062608C /* PBXContainerItemProxy */ = {
			isa = PBXContainerItemProxy;
			containerPortal = A56B5FAA1A92893E0062608C /* Project object */;
			proxyType = 1;
			remoteGlobalIDString = A56B5FB11A92893E0062608C;
			remoteInfo = CloudInventory;
		};
/* End PBXContainerItemProxy section */

/* Begin PBXFileReference section */
		A519AAD81AC0839400D45EF2 /* FilteredTaggedItemsTableViewController.swift */ = {isa = PBXFileReference; fileEncoding = 4; lastKnownFileType = sourcecode.swift; path = FilteredTaggedItemsTableViewController.swift; sourceTree = "<group>"; };
		A51C45181ABD1E230020F0A8 /* CustomItemTableViewCell.swift */ = {isa = PBXFileReference; fileEncoding = 4; lastKnownFileType = sourcecode.swift; path = CustomItemTableViewCell.swift; sourceTree = "<group>"; };
		A52DBE8E1AAA840F007CEA3D /* Italics.png */ = {isa = PBXFileReference; lastKnownFileType = image.png; path = Italics.png; sourceTree = "<group>"; };
		A52DBE901AAA841F007CEA3D /* Redo.png */ = {isa = PBXFileReference; lastKnownFileType = image.png; path = Redo.png; sourceTree = "<group>"; };
		A52DBE921AAA8432007CEA3D /* Underline.png */ = {isa = PBXFileReference; lastKnownFileType = image.png; path = Underline.png; sourceTree = "<group>"; };
		A52DBE941AAA8443007CEA3D /* FontSize.png */ = {isa = PBXFileReference; lastKnownFileType = image.png; path = FontSize.png; sourceTree = "<group>"; };
		A52DBE961AAA8451007CEA3D /* Undo.png */ = {isa = PBXFileReference; lastKnownFileType = image.png; path = Undo.png; sourceTree = "<group>"; };
		A52DBE981AAA846F007CEA3D /* BulletPoints.png */ = {isa = PBXFileReference; lastKnownFileType = image.png; path = BulletPoints.png; sourceTree = "<group>"; };
		A52DBE9A1AAA848E007CEA3D /* NumberedPoints.png */ = {isa = PBXFileReference; lastKnownFileType = image.png; path = NumberedPoints.png; sourceTree = "<group>"; };
		A52DBE9C1AAA84A0007CEA3D /* AlignLeft.png */ = {isa = PBXFileReference; lastKnownFileType = image.png; path = AlignLeft.png; sourceTree = "<group>"; };
		A52DBE9E1AAA84AE007CEA3D /* AlignCenter.png */ = {isa = PBXFileReference; lastKnownFileType = image.png; path = AlignCenter.png; sourceTree = "<group>"; };
		A52DBEA01AAA84BB007CEA3D /* AlignRight.png */ = {isa = PBXFileReference; lastKnownFileType = image.png; path = AlignRight.png; sourceTree = "<group>"; };
		A52DBEA21AAA8DF6007CEA3D /* Bold.png */ = {isa = PBXFileReference; lastKnownFileType = image.png; path = Bold.png; sourceTree = "<group>"; };
		A547D38B1A96449A00BD7D78 /* beep-07.mp3 */ = {isa = PBXFileReference; lastKnownFileType = audio.mp3; path = "beep-07.mp3"; sourceTree = "<group>"; };
		A55CDE841AAB46B200D71406 /* HideKeyboard.png */ = {isa = PBXFileReference; lastKnownFileType = image.png; path = HideKeyboard.png; sourceTree = "<group>"; };
		A55CDE861AAB46B800D71406 /* InsertPhoto.png */ = {isa = PBXFileReference; lastKnownFileType = image.png; path = InsertPhoto.png; sourceTree = "<group>"; };
		A55CDE891AAB498D00D71406 /* ic_format_align_center_black_48dp.png */ = {isa = PBXFileReference; lastKnownFileType = image.png; path = ic_format_align_center_black_48dp.png; sourceTree = "<group>"; };
		A55CDE8B1AAB499600D71406 /* ic_format_align_left_black_48dp.png */ = {isa = PBXFileReference; lastKnownFileType = image.png; path = ic_format_align_left_black_48dp.png; sourceTree = "<group>"; };
		A55CDE8F1AAB4A0C00D71406 /* ic_format_align_right_black_48dp.png */ = {isa = PBXFileReference; lastKnownFileType = image.png; path = ic_format_align_right_black_48dp.png; sourceTree = "<group>"; };
		A55CDE911AAB4AAF00D71406 /* TextAlignmentViewController.swift */ = {isa = PBXFileReference; fileEncoding = 4; lastKnownFileType = sourcecode.swift; name = TextAlignmentViewController.swift; path = ../TextAlignmentViewController.swift; sourceTree = "<group>"; };
		A55CDE991AAB5AF400D71406 /* CloudInventory-Bridging-Header.h */ = {isa = PBXFileReference; lastKnownFileType = sourcecode.c.h; path = "CloudInventory-Bridging-Header.h"; sourceTree = "<group>"; };
		A56B5FB21A92893E0062608C /* CloudInventory.app */ = {isa = PBXFileReference; explicitFileType = wrapper.application; includeInIndex = 0; path = CloudInventory.app; sourceTree = BUILT_PRODUCTS_DIR; };
		A56B5FB61A92893E0062608C /* Info.plist */ = {isa = PBXFileReference; lastKnownFileType = text.plist.xml; path = Info.plist; sourceTree = "<group>"; };
		A56B5FB71A92893E0062608C /* AppDelegate.swift */ = {isa = PBXFileReference; lastKnownFileType = sourcecode.swift; path = AppDelegate.swift; sourceTree = "<group>"; };
		A56B5FBA1A92893E0062608C /* CloudInventory.xcdatamodel */ = {isa = PBXFileReference; lastKnownFileType = wrapper.xcdatamodel; path = CloudInventory.xcdatamodel; sourceTree = "<group>"; };
		A56B5FBC1A92893E0062608C /* ItemPageViewController.swift */ = {isa = PBXFileReference; lastKnownFileType = sourcecode.swift; path = ItemPageViewController.swift; sourceTree = "<group>"; };
		A56B5FBF1A92893E0062608C /* Base */ = {isa = PBXFileReference; lastKnownFileType = file.storyboard; name = Base; path = Base.lproj/Main.storyboard; sourceTree = "<group>"; };
		A56B5FC11A92893E0062608C /* Images.xcassets */ = {isa = PBXFileReference; lastKnownFileType = folder.assetcatalog; path = Images.xcassets; sourceTree = "<group>"; };
		A56B5FC41A92893E0062608C /* Base */ = {isa = PBXFileReference; lastKnownFileType = file.xib; name = Base; path = Base.lproj/LaunchScreen.xib; sourceTree = "<group>"; };
		A56B5FCA1A92893E0062608C /* CloudInventoryTests.xctest */ = {isa = PBXFileReference; explicitFileType = wrapper.cfbundle; includeInIndex = 0; path = CloudInventoryTests.xctest; sourceTree = BUILT_PRODUCTS_DIR; };
		A56B5FCF1A92893E0062608C /* Info.plist */ = {isa = PBXFileReference; lastKnownFileType = text.plist.xml; path = Info.plist; sourceTree = "<group>"; };
		A56B5FD01A92893E0062608C /* CloudInventoryTests.swift */ = {isa = PBXFileReference; lastKnownFileType = sourcecode.swift; path = CloudInventoryTests.swift; sourceTree = "<group>"; };
		A56B5FDA1A928B670062608C /* AllItemsTableViewController.swift */ = {isa = PBXFileReference; fileEncoding = 4; lastKnownFileType = sourcecode.swift; path = AllItemsTableViewController.swift; sourceTree = "<group>"; };
		A56B5FDC1A928BBC0062608C /* ScannerViewController.swift */ = {isa = PBXFileReference; fileEncoding = 4; lastKnownFileType = sourcecode.swift; path = ScannerViewController.swift; sourceTree = "<group>"; };
		A56B5FE01A9294210062608C /* CoreDataModel.swift */ = {isa = PBXFileReference; fileEncoding = 4; lastKnownFileType = sourcecode.swift; path = CoreDataModel.swift; sourceTree = "<group>"; };
		A5C30E991AB1CA5B002DD285 /* FolderSelectionTableViewController.swift */ = {isa = PBXFileReference; fileEncoding = 4; lastKnownFileType = sourcecode.swift; path = FolderSelectionTableViewController.swift; sourceTree = "<group>"; };
		A5C30E9B1AB1D796002DD285 /* FolderCreationViewController.swift */ = {isa = PBXFileReference; fileEncoding = 4; lastKnownFileType = sourcecode.swift; path = FolderCreationViewController.swift; sourceTree = "<group>"; };
		A5C30E9D1AB1E9C0002DD285 /* FolderImage.png */ = {isa = PBXFileReference; lastKnownFileType = image.png; path = FolderImage.png; sourceTree = "<group>"; };
		A5DFAAB41ABCDC040064FB6C /* TagIcon.png */ = {isa = PBXFileReference; lastKnownFileType = image.png; path = TagIcon.png; sourceTree = "<group>"; };
		A5DFAAB61ABCEA360064FB6C /* TagsTableViewController.swift */ = {isa = PBXFileReference; fileEncoding = 4; lastKnownFileType = sourcecode.swift; path = TagsTableViewController.swift; sourceTree = "<group>"; };
		A5DFAAB81ABCF3180064FB6C /* itemIcon.png */ = {isa = PBXFileReference; lastKnownFileType = image.png; path = itemIcon.png; sourceTree = "<group>"; };
		A5EE67B91A93E61A002A5A9B /* Helper.swift */ = {isa = PBXFileReference; fileEncoding = 4; lastKnownFileType = sourcecode.swift; path = Helper.swift; sourceTree = "<group>"; };
/* End PBXFileReference section */

/* Begin PBXFrameworksBuildPhase section */
		A56B5FAF1A92893E0062608C /* Frameworks */ = {
			isa = PBXFrameworksBuildPhase;
			buildActionMask = 2147483647;
			files = (
			);
			runOnlyForDeploymentPostprocessing = 0;
		};
		A56B5FC71A92893E0062608C /* Frameworks */ = {
			isa = PBXFrameworksBuildPhase;
			buildActionMask = 2147483647;
			files = (
			);
			runOnlyForDeploymentPostprocessing = 0;
		};
/* End PBXFrameworksBuildPhase section */

/* Begin PBXGroup section */
		A52DBE8B1AAA83D2007CEA3D /* Text Formatting Icons */ = {
			isa = PBXGroup;
			children = (
				A55CDE861AAB46B800D71406 /* InsertPhoto.png */,
				A55CDE841AAB46B200D71406 /* HideKeyboard.png */,
				A52DBEA21AAA8DF6007CEA3D /* Bold.png */,
				A52DBE8E1AAA840F007CEA3D /* Italics.png */,
				A52DBE921AAA8432007CEA3D /* Underline.png */,
				A52DBE941AAA8443007CEA3D /* FontSize.png */,
				A52DBE981AAA846F007CEA3D /* BulletPoints.png */,
				A52DBE9A1AAA848E007CEA3D /* NumberedPoints.png */,
				A52DBE9C1AAA84A0007CEA3D /* AlignLeft.png */,
				A52DBE9E1AAA84AE007CEA3D /* AlignCenter.png */,
				A52DBEA01AAA84BB007CEA3D /* AlignRight.png */,
				A52DBE901AAA841F007CEA3D /* Redo.png */,
				A52DBE961AAA8451007CEA3D /* Undo.png */,
			);
			name = "Text Formatting Icons";
			sourceTree = "<group>";
		};
		A55CDE881AAB497E00D71406 /* Full-Size Images */ = {
			isa = PBXGroup;
			children = (
				A55CDE8F1AAB4A0C00D71406 /* ic_format_align_right_black_48dp.png */,
				A55CDE8B1AAB499600D71406 /* ic_format_align_left_black_48dp.png */,
				A55CDE891AAB498D00D71406 /* ic_format_align_center_black_48dp.png */,
			);
			name = "Full-Size Images";
			sourceTree = "<group>";
		};
		A56B5FA91A92893E0062608C = {
			isa = PBXGroup;
			children = (
				A56B5FB41A92893E0062608C /* CloudInventory */,
				A56B5FCD1A92893E0062608C /* CloudInventoryTests */,
				A56B5FB31A92893E0062608C /* Products */,
			);
			sourceTree = "<group>";
		};
		A56B5FB31A92893E0062608C /* Products */ = {
			isa = PBXGroup;
			children = (
				A56B5FB21A92893E0062608C /* CloudInventory.app */,
				A56B5FCA1A92893E0062608C /* CloudInventoryTests.xctest */,
			);
			name = Products;
			sourceTree = "<group>";
		};
		A56B5FB41A92893E0062608C /* CloudInventory */ = {
			isa = PBXGroup;
			children = (
				A56B5FBE1A92893E0062608C /* Main.storyboard */,
				A56B5FDA1A928B670062608C /* AllItemsTableViewController.swift */,
				A56B5FBC1A92893E0062608C /* ItemPageViewController.swift */,
				A5C30E991AB1CA5B002DD285 /* FolderSelectionTableViewController.swift */,
				A5C30E9B1AB1D796002DD285 /* FolderCreationViewController.swift */,
				A55CDE911AAB4AAF00D71406 /* TextAlignmentViewController.swift */,
				A56B5FDC1A928BBC0062608C /* ScannerViewController.swift */,
				A5DFAAB61ABCEA360064FB6C /* TagsTableViewController.swift */,
				A519AAD81AC0839400D45EF2 /* FilteredTaggedItemsTableViewController.swift */,
				A56B5FB51A92893E0062608C /* Supporting Files */,
			);
			path = CloudInventory;
			sourceTree = "<group>";
		};
		A56B5FB51A92893E0062608C /* Supporting Files */ = {
			isa = PBXGroup;
			children = (
				A51C45181ABD1E230020F0A8 /* CustomItemTableViewCell.swift */,
				A5DFAAB81ABCF3180064FB6C /* itemIcon.png */,
				A5DFAAB41ABCDC040064FB6C /* TagIcon.png */,
				A5C30E9D1AB1E9C0002DD285 /* FolderImage.png */,
				A56B5FB71A92893E0062608C /* AppDelegate.swift */,
				A55CDE991AAB5AF400D71406 /* CloudInventory-Bridging-Header.h */,
				A5EE67B91A93E61A002A5A9B /* Helper.swift */,
				A56B5FE01A9294210062608C /* CoreDataModel.swift */,
				A56B5FB91A92893E0062608C /* CloudInventory.xcdatamodeld */,
				A55CDE881AAB497E00D71406 /* Full-Size Images */,
				A52DBE8B1AAA83D2007CEA3D /* Text Formatting Icons */,
				A56B5FC31A92893E0062608C /* LaunchScreen.xib */,
				A547D38B1A96449A00BD7D78 /* beep-07.mp3 */,
				A56B5FC11A92893E0062608C /* Images.xcassets */,
				A56B5FB61A92893E0062608C /* Info.plist */,
			);
			name = "Supporting Files";
			sourceTree = "<group>";
		};
		A56B5FCD1A92893E0062608C /* CloudInventoryTests */ = {
			isa = PBXGroup;
			children = (
				A56B5FD01A92893E0062608C /* CloudInventoryTests.swift */,
				A56B5FCE1A92893E0062608C /* Supporting Files */,
			);
			path = CloudInventoryTests;
			sourceTree = "<group>";
		};
		A56B5FCE1A92893E0062608C /* Supporting Files */ = {
			isa = PBXGroup;
			children = (
				A56B5FCF1A92893E0062608C /* Info.plist */,
			);
			name = "Supporting Files";
			sourceTree = "<group>";
		};
/* End PBXGroup section */

/* Begin PBXNativeTarget section */
		A56B5FB11A92893E0062608C /* CloudInventory */ = {
			isa = PBXNativeTarget;
			buildConfigurationList = A56B5FD41A92893E0062608C /* Build configuration list for PBXNativeTarget "CloudInventory" */;
			buildPhases = (
				A56B5FAE1A92893E0062608C /* Sources */,
				A56B5FAF1A92893E0062608C /* Frameworks */,
				A56B5FB01A92893E0062608C /* Resources */,
			);
			buildRules = (
			);
			dependencies = (
			);
			name = CloudInventory;
			productName = CloudInventory;
			productReference = A56B5FB21A92893E0062608C /* CloudInventory.app */;
			productType = "com.apple.product-type.application";
		};
		A56B5FC91A92893E0062608C /* CloudInventoryTests */ = {
			isa = PBXNativeTarget;
			buildConfigurationList = A56B5FD71A92893E0062608C /* Build configuration list for PBXNativeTarget "CloudInventoryTests" */;
			buildPhases = (
				A56B5FC61A92893E0062608C /* Sources */,
				A56B5FC71A92893E0062608C /* Frameworks */,
				A56B5FC81A92893E0062608C /* Resources */,
			);
			buildRules = (
			);
			dependencies = (
				A56B5FCC1A92893E0062608C /* PBXTargetDependency */,
			);
			name = CloudInventoryTests;
			productName = CloudInventoryTests;
			productReference = A56B5FCA1A92893E0062608C /* CloudInventoryTests.xctest */;
			productType = "com.apple.product-type.bundle.unit-test";
		};
/* End PBXNativeTarget section */

/* Begin PBXProject section */
		A56B5FAA1A92893E0062608C /* Project object */ = {
			isa = PBXProject;
			attributes = {
				LastUpgradeCheck = 0610;
				ORGANIZATIONNAME = "Bliss Chapman";
				TargetAttributes = {
					A56B5FB11A92893E0062608C = {
						CreatedOnToolsVersion = 6.1.1;
						DevelopmentTeam = V3N72D7MS5;
					};
					A56B5FC91A92893E0062608C = {
						CreatedOnToolsVersion = 6.1.1;
						TestTargetID = A56B5FB11A92893E0062608C;
					};
				};
			};
			buildConfigurationList = A56B5FAD1A92893E0062608C /* Build configuration list for PBXProject "CloudInventory" */;
			compatibilityVersion = "Xcode 3.2";
			developmentRegion = English;
			hasScannedForEncodings = 0;
			knownRegions = (
				en,
				Base,
			);
			mainGroup = A56B5FA91A92893E0062608C;
			productRefGroup = A56B5FB31A92893E0062608C /* Products */;
			projectDirPath = "";
			projectRoot = "";
			targets = (
				A56B5FB11A92893E0062608C /* CloudInventory */,
				A56B5FC91A92893E0062608C /* CloudInventoryTests */,
			);
		};
/* End PBXProject section */

/* Begin PBXResourcesBuildPhase section */
		A56B5FB01A92893E0062608C /* Resources */ = {
			isa = PBXResourcesBuildPhase;
			buildActionMask = 2147483647;
			files = (
				A52DBE951AAA8443007CEA3D /* FontSize.png in Resources */,
				A55CDE8A1AAB498D00D71406 /* ic_format_align_center_black_48dp.png in Resources */,
				A52DBE971AAA8451007CEA3D /* Undo.png in Resources */,
				A55CDE851AAB46B200D71406 /* HideKeyboard.png in Resources */,
				A5DFAAB51ABCDC040064FB6C /* TagIcon.png in Resources */,
				A52DBE991AAA846F007CEA3D /* BulletPoints.png in Resources */,
				A5DFAAB91ABCF3180064FB6C /* itemIcon.png in Resources */,
				A56B5FC01A92893E0062608C /* Main.storyboard in Resources */,
				A52DBEA11AAA84BB007CEA3D /* AlignRight.png in Resources */,
				A52DBE9B1AAA848E007CEA3D /* NumberedPoints.png in Resources */,
				A52DBE9F1AAA84AE007CEA3D /* AlignCenter.png in Resources */,
				A55CDE901AAB4A0C00D71406 /* ic_format_align_right_black_48dp.png in Resources */,
				A5C30E9E1AB1E9C0002DD285 /* FolderImage.png in Resources */,
				A55CDE871AAB46B800D71406 /* InsertPhoto.png in Resources */,
				A547D38C1A96449A00BD7D78 /* beep-07.mp3 in Resources */,
				A52DBE8F1AAA840F007CEA3D /* Italics.png in Resources */,
				A52DBE9D1AAA84A0007CEA3D /* AlignLeft.png in Resources */,
				A55CDE8C1AAB499600D71406 /* ic_format_align_left_black_48dp.png in Resources */,
				A52DBE931AAA8432007CEA3D /* Underline.png in Resources */,
				A56B5FC51A92893E0062608C /* LaunchScreen.xib in Resources */,
				A52DBEA31AAA8DF6007CEA3D /* Bold.png in Resources */,
				A52DBE911AAA841F007CEA3D /* Redo.png in Resources */,
				A56B5FC21A92893E0062608C /* Images.xcassets in Resources */,
			);
			runOnlyForDeploymentPostprocessing = 0;
		};
		A56B5FC81A92893E0062608C /* Resources */ = {
			isa = PBXResourcesBuildPhase;
			buildActionMask = 2147483647;
			files = (
			);
			runOnlyForDeploymentPostprocessing = 0;
		};
/* End PBXResourcesBuildPhase section */

/* Begin PBXSourcesBuildPhase section */
		A56B5FAE1A92893E0062608C /* Sources */ = {
			isa = PBXSourcesBuildPhase;
			buildActionMask = 2147483647;
			files = (
				A56B5FE11A9294210062608C /* CoreDataModel.swift in Sources */,
				A56B5FBD1A92893E0062608C /* ItemPageViewController.swift in Sources */,
				A5DFAAB71ABCEA360064FB6C /* TagsTableViewController.swift in Sources */,
				A5C30E9A1AB1CA5B002DD285 /* FolderSelectionTableViewController.swift in Sources */,
				A5EE67BA1A93E61A002A5A9B /* Helper.swift in Sources */,
				A519AAD91AC0839400D45EF2 /* FilteredTaggedItemsTableViewController.swift in Sources */,
				A51C45191ABD1E230020F0A8 /* CustomItemTableViewCell.swift in Sources */,
				A56B5FBB1A92893E0062608C /* CloudInventory.xcdatamodeld in Sources */,
				A5C30E9C1AB1D796002DD285 /* FolderCreationViewController.swift in Sources */,
				A56B5FDB1A928B670062608C /* AllItemsTableViewController.swift in Sources */,
				A55CDE921AAB4AAF00D71406 /* TextAlignmentViewController.swift in Sources */,
				A56B5FDD1A928BBC0062608C /* ScannerViewController.swift in Sources */,
				A56B5FB81A92893E0062608C /* AppDelegate.swift in Sources */,
			);
			runOnlyForDeploymentPostprocessing = 0;
		};
		A56B5FC61A92893E0062608C /* Sources */ = {
			isa = PBXSourcesBuildPhase;
			buildActionMask = 2147483647;
			files = (
				A56B5FD11A92893E0062608C /* CloudInventoryTests.swift in Sources */,
			);
			runOnlyForDeploymentPostprocessing = 0;
		};
/* End PBXSourcesBuildPhase section */

/* Begin PBXTargetDependency section */
		A56B5FCC1A92893E0062608C /* PBXTargetDependency */ = {
			isa = PBXTargetDependency;
			target = A56B5FB11A92893E0062608C /* CloudInventory */;
			targetProxy = A56B5FCB1A92893E0062608C /* PBXContainerItemProxy */;
		};
/* End PBXTargetDependency section */

/* Begin PBXVariantGroup section */
		A56B5FBE1A92893E0062608C /* Main.storyboard */ = {
			isa = PBXVariantGroup;
			children = (
				A56B5FBF1A92893E0062608C /* Base */,
			);
			name = Main.storyboard;
			sourceTree = "<group>";
		};
		A56B5FC31A92893E0062608C /* LaunchScreen.xib */ = {
			isa = PBXVariantGroup;
			children = (
				A56B5FC41A92893E0062608C /* Base */,
			);
			name = LaunchScreen.xib;
			sourceTree = "<group>";
		};
/* End PBXVariantGroup section */

/* Begin XCBuildConfiguration section */
		A56B5FD21A92893E0062608C /* Debug */ = {
			isa = XCBuildConfiguration;
			buildSettings = {
				ALWAYS_SEARCH_USER_PATHS = NO;
				CLANG_CXX_LANGUAGE_STANDARD = "gnu++0x";
				CLANG_CXX_LIBRARY = "libc++";
				CLANG_ENABLE_MODULES = YES;
				CLANG_ENABLE_OBJC_ARC = YES;
				CLANG_WARN_BOOL_CONVERSION = YES;
				CLANG_WARN_CONSTANT_CONVERSION = YES;
				CLANG_WARN_DIRECT_OBJC_ISA_USAGE = YES_ERROR;
				CLANG_WARN_EMPTY_BODY = YES;
				CLANG_WARN_ENUM_CONVERSION = YES;
				CLANG_WARN_INT_CONVERSION = YES;
				CLANG_WARN_OBJC_ROOT_CLASS = YES_ERROR;
				CLANG_WARN_UNREACHABLE_CODE = YES;
				CLANG_WARN__DUPLICATE_METHOD_MATCH = YES;
				"CODE_SIGN_IDENTITY[sdk=iphoneos*]" = "iPhone Developer";
				COPY_PHASE_STRIP = NO;
				ENABLE_STRICT_OBJC_MSGSEND = YES;
				GCC_C_LANGUAGE_STANDARD = gnu99;
				GCC_DYNAMIC_NO_PIC = NO;
				GCC_OPTIMIZATION_LEVEL = 0;
				GCC_PREPROCESSOR_DEFINITIONS = (
					"DEBUG=1",
					"$(inherited)",
				);
				GCC_SYMBOLS_PRIVATE_EXTERN = NO;
				GCC_WARN_64_TO_32_BIT_CONVERSION = YES;
				GCC_WARN_ABOUT_RETURN_TYPE = YES_ERROR;
				GCC_WARN_UNDECLARED_SELECTOR = YES;
				GCC_WARN_UNINITIALIZED_AUTOS = YES_AGGRESSIVE;
				GCC_WARN_UNUSED_FUNCTION = YES;
				GCC_WARN_UNUSED_VARIABLE = YES;
				IPHONEOS_DEPLOYMENT_TARGET = 8.1;
				MTL_ENABLE_DEBUG_INFO = YES;
				ONLY_ACTIVE_ARCH = YES;
				SDKROOT = iphoneos;
				SWIFT_OPTIMIZATION_LEVEL = "-Onone";
			};
			name = Debug;
		};
		A56B5FD31A92893E0062608C /* Release */ = {
			isa = XCBuildConfiguration;
			buildSettings = {
				ALWAYS_SEARCH_USER_PATHS = NO;
				CLANG_CXX_LANGUAGE_STANDARD = "gnu++0x";
				CLANG_CXX_LIBRARY = "libc++";
				CLANG_ENABLE_MODULES = YES;
				CLANG_ENABLE_OBJC_ARC = YES;
				CLANG_WARN_BOOL_CONVERSION = YES;
				CLANG_WARN_CONSTANT_CONVERSION = YES;
				CLANG_WARN_DIRECT_OBJC_ISA_USAGE = YES_ERROR;
				CLANG_WARN_EMPTY_BODY = YES;
				CLANG_WARN_ENUM_CONVERSION = YES;
				CLANG_WARN_INT_CONVERSION = YES;
				CLANG_WARN_OBJC_ROOT_CLASS = YES_ERROR;
				CLANG_WARN_UNREACHABLE_CODE = YES;
				CLANG_WARN__DUPLICATE_METHOD_MATCH = YES;
				"CODE_SIGN_IDENTITY[sdk=iphoneos*]" = "iPhone Developer";
				COPY_PHASE_STRIP = YES;
				ENABLE_NS_ASSERTIONS = NO;
				ENABLE_STRICT_OBJC_MSGSEND = YES;
				GCC_C_LANGUAGE_STANDARD = gnu99;
				GCC_WARN_64_TO_32_BIT_CONVERSION = YES;
				GCC_WARN_ABOUT_RETURN_TYPE = YES_ERROR;
				GCC_WARN_UNDECLARED_SELECTOR = YES;
				GCC_WARN_UNINITIALIZED_AUTOS = YES_AGGRESSIVE;
				GCC_WARN_UNUSED_FUNCTION = YES;
				GCC_WARN_UNUSED_VARIABLE = YES;
				IPHONEOS_DEPLOYMENT_TARGET = 8.1;
				MTL_ENABLE_DEBUG_INFO = NO;
				SDKROOT = iphoneos;
				VALIDATE_PRODUCT = YES;
			};
			name = Release;
		};
		A56B5FD51A92893E0062608C /* Debug */ = {
			isa = XCBuildConfiguration;
			buildSettings = {
				ASSETCATALOG_COMPILER_APPICON_NAME = AppIcon;
				CLANG_ENABLE_MODULES = YES;
				CODE_SIGN_IDENTITY = "iPhone Developer";
				INFOPLIST_FILE = CloudInventory/Info.plist;
				LD_RUNPATH_SEARCH_PATHS = "$(inherited) @executable_path/Frameworks";
				PRODUCT_NAME = "$(TARGET_NAME)";
				SWIFT_OBJC_BRIDGING_HEADER = "CloudInventory/CloudInventory-Bridging-Header.h";
				SWIFT_OPTIMIZATION_LEVEL = "-Onone";
				TARGETED_DEVICE_FAMILY = "1,2";
			};
			name = Debug;
		};
		A56B5FD61A92893E0062608C /* Release */ = {
			isa = XCBuildConfiguration;
			buildSettings = {
				ASSETCATALOG_COMPILER_APPICON_NAME = AppIcon;
				CLANG_ENABLE_MODULES = YES;
				CODE_SIGN_IDENTITY = "iPhone Developer";
				INFOPLIST_FILE = CloudInventory/Info.plist;
				LD_RUNPATH_SEARCH_PATHS = "$(inherited) @executable_path/Frameworks";
				PRODUCT_NAME = "$(TARGET_NAME)";
				SWIFT_OBJC_BRIDGING_HEADER = "CloudInventory/CloudInventory-Bridging-Header.h";
				TARGETED_DEVICE_FAMILY = "1,2";
			};
			name = Release;
		};
		A56B5FD81A92893E0062608C /* Debug */ = {
			isa = XCBuildConfiguration;
			buildSettings = {
				BUNDLE_LOADER = "$(TEST_HOST)";
				FRAMEWORK_SEARCH_PATHS = (
					"$(SDKROOT)/Developer/Library/Frameworks",
					"$(inherited)",
				);
				GCC_PREPROCESSOR_DEFINITIONS = (
					"DEBUG=1",
					"$(inherited)",
				);
				INFOPLIST_FILE = CloudInventoryTests/Info.plist;
				LD_RUNPATH_SEARCH_PATHS = "$(inherited) @executable_path/Frameworks @loader_path/Frameworks";
				PRODUCT_NAME = "$(TARGET_NAME)";
				TEST_HOST = "$(BUILT_PRODUCTS_DIR)/CloudInventory.app/CloudInventory";
			};
			name = Debug;
		};
		A56B5FD91A92893E0062608C /* Release */ = {
			isa = XCBuildConfiguration;
			buildSettings = {
				BUNDLE_LOADER = "$(TEST_HOST)";
				FRAMEWORK_SEARCH_PATHS = (
					"$(SDKROOT)/Developer/Library/Frameworks",
					"$(inherited)",
				);
				INFOPLIST_FILE = CloudInventoryTests/Info.plist;
				LD_RUNPATH_SEARCH_PATHS = "$(inherited) @executable_path/Frameworks @loader_path/Frameworks";
				PRODUCT_NAME = "$(TARGET_NAME)";
				TEST_HOST = "$(BUILT_PRODUCTS_DIR)/CloudInventory.app/CloudInventory";
			};
			name = Release;
		};
/* End XCBuildConfiguration section */

/* Begin XCConfigurationList section */
		A56B5FAD1A92893E0062608C /* Build configuration list for PBXProject "CloudInventory" */ = {
			isa = XCConfigurationList;
			buildConfigurations = (
				A56B5FD21A92893E0062608C /* Debug */,
				A56B5FD31A92893E0062608C /* Release */,
			);
			defaultConfigurationIsVisible = 0;
			defaultConfigurationName = Release;
		};
		A56B5FD41A92893E0062608C /* Build configuration list for PBXNativeTarget "CloudInventory" */ = {
			isa = XCConfigurationList;
			buildConfigurations = (
				A56B5FD51A92893E0062608C /* Debug */,
				A56B5FD61A92893E0062608C /* Release */,
			);
			defaultConfigurationIsVisible = 0;
			defaultConfigurationName = Release;
		};
		A56B5FD71A92893E0062608C /* Build configuration list for PBXNativeTarget "CloudInventoryTests" */ = {
			isa = XCConfigurationList;
			buildConfigurations = (
				A56B5FD81A92893E0062608C /* Debug */,
				A56B5FD91A92893E0062608C /* Release */,
			);
			defaultConfigurationIsVisible = 0;
			defaultConfigurationName = Release;
		};
/* End XCConfigurationList section */

/* Begin XCVersionGroup section */
		A56B5FB91A92893E0062608C /* CloudInventory.xcdatamodeld */ = {
			isa = XCVersionGroup;
			children = (
				A56B5FBA1A92893E0062608C /* CloudInventory.xcdatamodel */,
			);
			currentVersion = A56B5FBA1A92893E0062608C /* CloudInventory.xcdatamodel */;
			path = CloudInventory.xcdatamodeld;
			sourceTree = "<group>";
			versionGroupType = wrapper.xcdatamodel;
		};
/* End XCVersionGroup section */
	};
	rootObject = A56B5FAA1A92893E0062608C /* Project object */;
}
